
Microsoft Visual Studio Solution File, Format Version 12.00
# Visual Studio Version 17
VisualStudioVersion = 17.9.34622.214
MinimumVisualStudioVersion = 10.0.40219.1
Project("{FAE04EC0-301F-11D3-BF4B-00C04F79EFBC}") = "DoAn_1", "DoAn_1.csproj", "{D985E920-7BF3-441E-824C-D5EEE2BAC894}"
EndProject
Global
	GlobalSection(SolutionConfigurationPlatforms) = preSolution
		Debug|Any CPU = Debug|Any CPU
		Release|Any CPU = Release|Any CPU
	EndGlobalSection
	GlobalSection(ProjectConfigurationPlatforms) = postSolution
		{D985E920-7BF3-441E-824C-D5EEE2BAC894}.Debug|Any CPU.ActiveCfg = Debug|Any CPU
		{D985E920-7BF3-441E-824C-D5EEE2BAC894}.Debug|Any CPU.Build.0 = Debug|Any CPU
		{D985E920-7BF3-441E-824C-D5EEE2BAC894}.Release|Any CPU.ActiveCfg = Release|Any CPU
		{D985E920-7BF3-441E-824C-D5EEE2BAC894}.Release|Any CPU.Build.0 = Release|Any CPU
	EndGlobalSection
	GlobalSection(SolutionProperties) = preSolution
		HideSolutionNode = FALSE
	EndGlobalSection
	GlobalSection(ExtensibilityGlobals) = postSolution
		SolutionGuid = {FE4CE077-B9F9-49EF-838B-0A560AE8BD62}
	EndGlobalSection
EndGlobal
